
Microsoft Visual Studio Solution File, Format Version 12.00
# Visual Studio Version 17
VisualStudioVersion = 17.1.32414.318
MinimumVisualStudioVersion = 10.0.40219.1
Project("{FAE04EC0-301F-11D3-BF4B-00C04F79EFBC}") = "VLTMTOOL", "VLTMTOOL\VLTMTOOL.csproj", "{52EF190D-F29B-45AB-84DB-873742811F37}"
EndProject
Project("{FAE04EC0-301F-11D3-BF4B-00C04F79EFBC}") = "VLTMTool.Controller", "J:\proyecto\VLTMTool.Controller\VLTMTool.Controller.csproj", "{607E6A6F-1982-4EAC-B337-6879B8480173}"
EndProject
Project("{FAE04EC0-301F-11D3-BF4B-00C04F79EFBC}") = "VLTMTool.ViewModel", "J:\proyecto\VLTMTool\VLTMTool.ViewModel\VLTMTool.ViewModel.csproj", "{07BF9F9A-D3CE-4B33-B1C0-3764A72F77D1}"
EndProject
Project("{FAE04EC0-301F-11D3-BF4B-00C04F79EFBC}") = "VLTMTool.Model", "J:\proyecto\VLTMTool.Model\VLTMTool.Model.csproj", "{BD72A27E-E315-4B17-B254-D29C211C3653}"
EndProject
Global
	GlobalSection(SolutionConfigurationPlatforms) = preSolution
		Debug|Any CPU = Debug|Any CPU
		Release|Any CPU = Release|Any CPU
	EndGlobalSection
	GlobalSection(ProjectConfigurationPlatforms) = postSolution
		{52EF190D-F29B-45AB-84DB-873742811F37}.Debug|Any CPU.ActiveCfg = Debug|Any CPU
		{52EF190D-F29B-45AB-84DB-873742811F37}.Debug|Any CPU.Build.0 = Debug|Any CPU
		{52EF190D-F29B-45AB-84DB-873742811F37}.Release|Any CPU.ActiveCfg = Release|Any CPU
		{52EF190D-F29B-45AB-84DB-873742811F37}.Release|Any CPU.Build.0 = Release|Any CPU
		{607E6A6F-1982-4EAC-B337-6879B8480173}.Debug|Any CPU.ActiveCfg = Debug|Any CPU
		{607E6A6F-1982-4EAC-B337-6879B8480173}.Debug|Any CPU.Build.0 = Debug|Any CPU
		{607E6A6F-1982-4EAC-B337-6879B8480173}.Release|Any CPU.ActiveCfg = Release|Any CPU
		{607E6A6F-1982-4EAC-B337-6879B8480173}.Release|Any CPU.Build.0 = Release|Any CPU
		{07BF9F9A-D3CE-4B33-B1C0-3764A72F77D1}.Debug|Any CPU.ActiveCfg = Debug|Any CPU
		{07BF9F9A-D3CE-4B33-B1C0-3764A72F77D1}.Debug|Any CPU.Build.0 = Debug|Any CPU
		{07BF9F9A-D3CE-4B33-B1C0-3764A72F77D1}.Release|Any CPU.ActiveCfg = Release|Any CPU
		{07BF9F9A-D3CE-4B33-B1C0-3764A72F77D1}.Release|Any CPU.Build.0 = Release|Any CPU
		{BD72A27E-E315-4B17-B254-D29C211C3653}.Debug|Any CPU.ActiveCfg = Debug|Any CPU
		{BD72A27E-E315-4B17-B254-D29C211C3653}.Debug|Any CPU.Build.0 = Debug|Any CPU
		{BD72A27E-E315-4B17-B254-D29C211C3653}.Release|Any CPU.ActiveCfg = Release|Any CPU
		{BD72A27E-E315-4B17-B254-D29C211C3653}.Release|Any CPU.Build.0 = Release|Any CPU
	EndGlobalSection
	GlobalSection(SolutionProperties) = preSolution
		HideSolutionNode = FALSE
	EndGlobalSection
	GlobalSection(ExtensibilityGlobals) = postSolution
		SolutionGuid = {4987DA06-FDB6-4F0C-8D14-6AD1DD11DD1F}
	EndGlobalSection
EndGlobal
